PODS:
  - channel_talk (1.0.0):
    - ChannelIOSDK
    - Flutter
  - ChannelIOSDK (8.2.3)
  - Flutter (1.0.0)
  - fluttertoast (0.0.2):
    - Flutter
    - Toast
  - Toast (4.0.0)

DEPENDENCIES:
  - channel_talk (from `.symlinks/plugins/channel_talk/ios`)
  - ChannelIOSDK (from `https://mobile-static.channel.io/ios/latest/xcframework.podspec`)
  - Flutter (from `Flutter`)
  - fluttertoast (from `.symlinks/plugins/fluttertoast/ios`)

SPEC REPOS:
  trunk:
    - Toast

EXTERNAL SOURCES:
  channel_talk:
    :path: ".symlinks/plugins/channel_talk/ios"
  ChannelIOSDK:
    :podspec: https://mobile-static.channel.io/ios/latest/xcframework.podspec
  Flutter:
    :path: Flutter
  fluttertoast:
    :path: ".symlinks/plugins/fluttertoast/ios"

SPEC CHECKSUMS:
  channel_talk: ca8394970e55be89f59db7efcf5d98dcce5cd1d5
  ChannelIOSDK: 61f6a4c454f7df3fff19639fed1ef85dbdc64e90
  Flutter: 0e3d915762c693b495b44d77113d4970485de6ec
  fluttertoast: 6122fa75143e992b1d3470f61000f591a798cc58
  Toast: 91b396c56ee72a5790816f40d3a94dd357abc196

PODFILE CHECKSUM: 0179c8376362cf9b820cd056be2a6504947de2b0

COCOAPODS: 1.10.1
