{
  "pins" : [
    {
      "identity" : "channel-talk-ios-framework",
      "kind" : "remoteSourceControl",
      "location" : "https://github.com/channel-io/channel-talk-ios-framework",
      "state" : {
        "revision" : "b2075436b0e475d11320f72a266db7458300d67a",
        "version" : "13.3.0"
      }
    }
  ],
  "version" : 2
}
